
Microsoft Visual Studio Solution File, Format Version 12.00
# Visual Studio Version 17
VisualStudioVersion = 17.5.33516.290
MinimumVisualStudioVersion = 10.0.40219.1
Project("{FAE04EC0-301F-11D3-BF4B-00C04F79EFBC}") = "IdentityExample.Web", "IdentityExample.Web\IdentityExample.Web.csproj", "{83CF9A58-696F-413A-8165-8AE32C906873}"
EndProject
Global
	GlobalSection(SolutionConfigurationPlatforms) = preSolution
		Debug|Any CPU = Debug|Any CPU
		Release|Any CPU = Release|Any CPU
	EndGlobalSection
	GlobalSection(ProjectConfigurationPlatforms) = postSolution
		{83CF9A58-696F-413A-8165-8AE32C906873}.Debug|Any CPU.ActiveCfg = Debug|Any CPU
		{83CF9A58-696F-413A-8165-8AE32C906873}.Debug|Any CPU.Build.0 = Debug|Any CPU
		{83CF9A58-696F-413A-8165-8AE32C906873}.Release|Any CPU.ActiveCfg = Release|Any CPU
		{83CF9A58-696F-413A-8165-8AE32C906873}.Release|Any CPU.Build.0 = Release|Any CPU
	EndGlobalSection
	GlobalSection(SolutionProperties) = preSolution
		HideSolutionNode = FALSE
	EndGlobalSection
	GlobalSection(ExtensibilityGlobals) = postSolution
		SolutionGuid = {083CB780-E103-4D34-B3D7-221E0A432DFB}
	EndGlobalSection
EndGlobal
